
Microsoft Visual Studio Solution File, Format Version 12.00
# Visual Studio 15
VisualStudioVersion = 15.0.27004.2009
MinimumVisualStudioVersion = 10.0.40219.1
Project("{FAE04EC0-301F-11D3-BF4B-00C04F79EFBC}") = "WindowsFormsApp1", "WindowsFormsApp1\WindowsFormsApp1.csproj", "{AD57A87C-2CBB-4070-A6A6-088129242E53}"
EndProject
Global
	GlobalSection(SolutionConfigurationPlatforms) = preSolution
		Debug|Any CPU = Debug|Any CPU
		Release|Any CPU = Release|Any CPU
	EndGlobalSection
	GlobalSection(ProjectConfigurationPlatforms) = postSolution
		{AD57A87C-2CBB-4070-A6A6-088129242E53}.Debug|Any CPU.ActiveCfg = Debug|Any CPU
		{AD57A87C-2CBB-4070-A6A6-088129242E53}.Debug|Any CPU.Build.0 = Debug|Any CPU
		{AD57A87C-2CBB-4070-A6A6-088129242E53}.Release|Any CPU.ActiveCfg = Release|Any CPU
		{AD57A87C-2CBB-4070-A6A6-088129242E53}.Release|Any CPU.Build.0 = Release|Any CPU
	EndGlobalSection
	GlobalSection(SolutionProperties) = preSolution
		HideSolutionNode = FALSE
	EndGlobalSection
	GlobalSection(ExtensibilityGlobals) = postSolution
		SolutionGuid = {2CC516B8-AD62-4EAE-8143-FDA2A9381B7D}
	EndGlobalSection
EndGlobal
